
Microsoft Visual Studio Solution File, Format Version 12.00
# Visual Studio Version 17
VisualStudioVersion = 17.0.31919.166
MinimumVisualStudioVersion = 10.0.40219.1
Project("{2150E333-8FDC-42A3-9474-1A3956D46DE8}") = "src", "src", "{D60A285E-E6AA-416A-8020-8AD5C079B074}"
EndProject
Project("{9A19103F-16F7-4668-BE54-9A1E7A4F7556}") = "Centeva.SharedKernel", "src\Centeva.SharedKernel\Centeva.SharedKernel.csproj", "{E6A6F76C-E92D-4B28-9045-BDBDD2745435}"
EndProject
Project("{2150E333-8FDC-42A3-9474-1A3956D46DE8}") = "Solution Items", "Solution Items", "{087DA3BC-D602-45B1-A55D-59B52ED99F61}"
	ProjectSection(SolutionItems) = preProject
		README.md = README.md
	EndProjectSection
EndProject
Project("{2150E333-8FDC-42A3-9474-1A3956D46DE8}") = "test", "test", "{83D17138-B0BE-40AA-892C-610F1FB6CD20}"
EndProject
Project("{FAE04EC0-301F-11D3-BF4B-00C04F79EFBC}") = "Centeva.SharedKernel.UnitTests", "test\Centeva.SharedKernel.UnitTests\Centeva.SharedKernel.UnitTests.csproj", "{95FF509D-5720-43DB-AAE3-188449C1AC8C}"
EndProject
Global
	GlobalSection(SolutionConfigurationPlatforms) = preSolution
		Debug|Any CPU = Debug|Any CPU
		Debug|x64 = Debug|x64
		Debug|x86 = Debug|x86
		Release|Any CPU = Release|Any CPU
		Release|x64 = Release|x64
		Release|x86 = Release|x86
	EndGlobalSection
	GlobalSection(ProjectConfigurationPlatforms) = postSolution
		{E6A6F76C-E92D-4B28-9045-BDBDD2745435}.Debug|Any CPU.ActiveCfg = Debug|Any CPU
		{E6A6F76C-E92D-4B28-9045-BDBDD2745435}.Debug|Any CPU.Build.0 = Debug|Any CPU
		{E6A6F76C-E92D-4B28-9045-BDBDD2745435}.Debug|x64.ActiveCfg = Debug|Any CPU
		{E6A6F76C-E92D-4B28-9045-BDBDD2745435}.Debug|x64.Build.0 = Debug|Any CPU
		{E6A6F76C-E92D-4B28-9045-BDBDD2745435}.Debug|x86.ActiveCfg = Debug|Any CPU
		{E6A6F76C-E92D-4B28-9045-BDBDD2745435}.Debug|x86.Build.0 = Debug|Any CPU
		{E6A6F76C-E92D-4B28-9045-BDBDD2745435}.Release|Any CPU.ActiveCfg = Release|Any CPU
		{E6A6F76C-E92D-4B28-9045-BDBDD2745435}.Release|Any CPU.Build.0 = Release|Any CPU
		{E6A6F76C-E92D-4B28-9045-BDBDD2745435}.Release|x64.ActiveCfg = Release|Any CPU
		{E6A6F76C-E92D-4B28-9045-BDBDD2745435}.Release|x64.Build.0 = Release|Any CPU
		{E6A6F76C-E92D-4B28-9045-BDBDD2745435}.Release|x86.ActiveCfg = Release|Any CPU
		{E6A6F76C-E92D-4B28-9045-BDBDD2745435}.Release|x86.Build.0 = Release|Any CPU
		{95FF509D-5720-43DB-AAE3-188449C1AC8C}.Debug|Any CPU.ActiveCfg = Debug|Any CPU
		{95FF509D-5720-43DB-AAE3-188449C1AC8C}.Debug|Any CPU.Build.0 = Debug|Any CPU
		{95FF509D-5720-43DB-AAE3-188449C1AC8C}.Debug|x64.ActiveCfg = Debug|Any CPU
		{95FF509D-5720-43DB-AAE3-188449C1AC8C}.Debug|x64.Build.0 = Debug|Any CPU
		{95FF509D-5720-43DB-AAE3-188449C1AC8C}.Debug|x86.ActiveCfg = Debug|Any CPU
		{95FF509D-5720-43DB-AAE3-188449C1AC8C}.Debug|x86.Build.0 = Debug|Any CPU
		{95FF509D-5720-43DB-AAE3-188449C1AC8C}.Release|Any CPU.ActiveCfg = Release|Any CPU
		{95FF509D-5720-43DB-AAE3-188449C1AC8C}.Release|Any CPU.Build.0 = Release|Any CPU
		{95FF509D-5720-43DB-AAE3-188449C1AC8C}.Release|x64.ActiveCfg = Release|Any CPU
		{95FF509D-5720-43DB-AAE3-188449C1AC8C}.Release|x64.Build.0 = Release|Any CPU
		{95FF509D-5720-43DB-AAE3-188449C1AC8C}.Release|x86.ActiveCfg = Release|Any CPU
		{95FF509D-5720-43DB-AAE3-188449C1AC8C}.Release|x86.Build.0 = Release|Any CPU
	EndGlobalSection
	GlobalSection(SolutionProperties) = preSolution
		HideSolutionNode = FALSE
	EndGlobalSection
	GlobalSection(NestedProjects) = preSolution
		{E6A6F76C-E92D-4B28-9045-BDBDD2745435} = {D60A285E-E6AA-416A-8020-8AD5C079B074}
		{95FF509D-5720-43DB-AAE3-188449C1AC8C} = {83D17138-B0BE-40AA-892C-610F1FB6CD20}
	EndGlobalSection
	GlobalSection(ExtensibilityGlobals) = postSolution
		SolutionGuid = {688363C0-2244-4412-9B2D-7821E3F5BAE6}
	EndGlobalSection
EndGlobal
